
Microsoft Visual Studio Solution File, Format Version 12.00
# Visual Studio Version 16
VisualStudioVersion = 16.0.29728.190
MinimumVisualStudioVersion = 10.0.40219.1
Project("{9A19103F-16F7-4668-BE54-9A1E7A4F7556}") = "CalculoIR.Model", "CalculoIR.Model\CalculoIR.Model.csproj", "{5752B52A-9F5C-419C-B93E-0EE27FE8B6E2}"
EndProject
Project("{9A19103F-16F7-4668-BE54-9A1E7A4F7556}") = "CalculoIR.Api", "CalculoIR.Api\CalculoIR.Api.csproj", "{FAC3C91F-CB03-464D-B353-46BFA19B2277}"
EndProject
Project("{9A19103F-16F7-4668-BE54-9A1E7A4F7556}") = "CalculoIR.Tests", "CalculoIR.Tests\CalculoIR.Tests.csproj", "{5C3FE0D3-C49C-4B6E-A966-1CDD47249D9A}"
EndProject
Project("{9A19103F-16F7-4668-BE54-9A1E7A4F7556}") = "CalculoIR.Web", "CalculoIR.Web\CalculoIR.Web.csproj", "{42B78D93-028E-47D9-BDEC-C24545200B6C}"
EndProject
Project("{FAE04EC0-301F-11D3-BF4B-00C04F79EFBC}") = "CalculoIR.Desktop", "CalculoIR.Desktop\CalculoIR.Desktop.csproj", "{7E371A6D-E628-4EDD-9939-EFF6311B11D5}"
EndProject
Global
	GlobalSection(SolutionConfigurationPlatforms) = preSolution
		Debug|Any CPU = Debug|Any CPU
		Release|Any CPU = Release|Any CPU
	EndGlobalSection
	GlobalSection(ProjectConfigurationPlatforms) = postSolution
		{5752B52A-9F5C-419C-B93E-0EE27FE8B6E2}.Debug|Any CPU.ActiveCfg = Debug|Any CPU
		{5752B52A-9F5C-419C-B93E-0EE27FE8B6E2}.Debug|Any CPU.Build.0 = Debug|Any CPU
		{5752B52A-9F5C-419C-B93E-0EE27FE8B6E2}.Release|Any CPU.ActiveCfg = Release|Any CPU
		{5752B52A-9F5C-419C-B93E-0EE27FE8B6E2}.Release|Any CPU.Build.0 = Release|Any CPU
		{FAC3C91F-CB03-464D-B353-46BFA19B2277}.Debug|Any CPU.ActiveCfg = Debug|Any CPU
		{FAC3C91F-CB03-464D-B353-46BFA19B2277}.Debug|Any CPU.Build.0 = Debug|Any CPU
		{FAC3C91F-CB03-464D-B353-46BFA19B2277}.Release|Any CPU.ActiveCfg = Release|Any CPU
		{FAC3C91F-CB03-464D-B353-46BFA19B2277}.Release|Any CPU.Build.0 = Release|Any CPU
		{5C3FE0D3-C49C-4B6E-A966-1CDD47249D9A}.Debug|Any CPU.ActiveCfg = Debug|Any CPU
		{5C3FE0D3-C49C-4B6E-A966-1CDD47249D9A}.Debug|Any CPU.Build.0 = Debug|Any CPU
		{5C3FE0D3-C49C-4B6E-A966-1CDD47249D9A}.Release|Any CPU.ActiveCfg = Release|Any CPU
		{5C3FE0D3-C49C-4B6E-A966-1CDD47249D9A}.Release|Any CPU.Build.0 = Release|Any CPU
		{42B78D93-028E-47D9-BDEC-C24545200B6C}.Debug|Any CPU.ActiveCfg = Debug|Any CPU
		{42B78D93-028E-47D9-BDEC-C24545200B6C}.Debug|Any CPU.Build.0 = Debug|Any CPU
		{42B78D93-028E-47D9-BDEC-C24545200B6C}.Release|Any CPU.ActiveCfg = Release|Any CPU
		{42B78D93-028E-47D9-BDEC-C24545200B6C}.Release|Any CPU.Build.0 = Release|Any CPU
		{7E371A6D-E628-4EDD-9939-EFF6311B11D5}.Debug|Any CPU.ActiveCfg = Debug|Any CPU
		{7E371A6D-E628-4EDD-9939-EFF6311B11D5}.Debug|Any CPU.Build.0 = Debug|Any CPU
		{7E371A6D-E628-4EDD-9939-EFF6311B11D5}.Release|Any CPU.ActiveCfg = Release|Any CPU
		{7E371A6D-E628-4EDD-9939-EFF6311B11D5}.Release|Any CPU.Build.0 = Release|Any CPU
	EndGlobalSection
	GlobalSection(SolutionProperties) = preSolution
		HideSolutionNode = FALSE
	EndGlobalSection
	GlobalSection(ExtensibilityGlobals) = postSolution
		SolutionGuid = {486883FF-8AB1-4E16-B224-6255E2F3C49D}
	EndGlobalSection
EndGlobal
