
Microsoft Visual Studio Solution File, Format Version 12.00
# Visual Studio Version 16
VisualStudioVersion = 16.0.29728.190
MinimumVisualStudioVersion = 10.0.40219.1
Project("{FAE04EC0-301F-11D3-BF4B-00C04F79EFBC}") = "CalculoIR.Model", "CalculoIR.Model\CalculoIR.Model.csproj", "{5752B52A-9F5C-419C-B93E-0EE27FE8B6E2}"
EndProject
Project("{FAE04EC0-301F-11D3-BF4B-00C04F79EFBC}") = "CalculoIR.Api", "CalculoIR.Api\CalculoIR.Api.csproj", "{FAC3C91F-CB03-464D-B353-46BFA19B2277}"
EndProject
Global
	GlobalSection(SolutionConfigurationPlatforms) = preSolution
		Debug|Any CPU = Debug|Any CPU
		Release|Any CPU = Release|Any CPU
	EndGlobalSection
	GlobalSection(ProjectConfigurationPlatforms) = postSolution
		{5752B52A-9F5C-419C-B93E-0EE27FE8B6E2}.Debug|Any CPU.ActiveCfg = Debug|Any CPU
		{5752B52A-9F5C-419C-B93E-0EE27FE8B6E2}.Debug|Any CPU.Build.0 = Debug|Any CPU
		{5752B52A-9F5C-419C-B93E-0EE27FE8B6E2}.Release|Any CPU.ActiveCfg = Release|Any CPU
		{5752B52A-9F5C-419C-B93E-0EE27FE8B6E2}.Release|Any CPU.Build.0 = Release|Any CPU
		{FAC3C91F-CB03-464D-B353-46BFA19B2277}.Debug|Any CPU.ActiveCfg = Debug|Any CPU
		{FAC3C91F-CB03-464D-B353-46BFA19B2277}.Debug|Any CPU.Build.0 = Debug|Any CPU
		{FAC3C91F-CB03-464D-B353-46BFA19B2277}.Release|Any CPU.ActiveCfg = Release|Any CPU
		{FAC3C91F-CB03-464D-B353-46BFA19B2277}.Release|Any CPU.Build.0 = Release|Any CPU
	EndGlobalSection
	GlobalSection(SolutionProperties) = preSolution
		HideSolutionNode = FALSE
	EndGlobalSection
	GlobalSection(ExtensibilityGlobals) = postSolution
		SolutionGuid = {486883FF-8AB1-4E16-B224-6255E2F3C49D}
	EndGlobalSection
EndGlobal
